
Microsoft Visual Studio Solution File, Format Version 12.00
# Visual Studio Version 17
VisualStudioVersion = 17.8.34309.116
MinimumVisualStudioVersion = 10.0.40219.1
Project("{9A19103F-16F7-4668-BE54-9A1E7A4F7556}") = "BookSeller.Core", "BookSeller.Core\BookSeller.Core.csproj", "{A25A8BCD-EC3F-4E92-B484-986451FFEDAA}"
EndProject
Project("{9A19103F-16F7-4668-BE54-9A1E7A4F7556}") = "BookSeller.DataAccess", "BookSeller.DataAccess\BookSeller.DataAccess.csproj", "{F458C487-5464-4C6F-BA27-EE53AB2D0B99}"
EndProject
Project("{9A19103F-16F7-4668-BE54-9A1E7A4F7556}") = "BookSeller.Entity", "BookSeller.Entity\BookSeller.Entity.csproj", "{39C179B2-359E-4ED1-83D4-6B7ACAC6338D}"
EndProject
Project("{9A19103F-16F7-4668-BE54-9A1E7A4F7556}") = "BookSeller.WebAPI", "BookSeller.WebAPI\BookSeller.WebAPI.csproj", "{3571D8A5-F0CE-4818-B028-A3C2A76EAB04}"
EndProject
Project("{9A19103F-16F7-4668-BE54-9A1E7A4F7556}") = "BookSeller.Business", "BookSeller.Business\BookSeller.Business.csproj", "{C2EEEF64-3AFC-4223-B7F4-E3CB3DC1E589}"
EndProject
Project("{9A19103F-16F7-4668-BE54-9A1E7A4F7556}") = "BookSeller.EmailSender", "BookSeller.EmailSender\BookSeller.EmailSender.csproj", "{6B555918-4F76-4FDE-BB79-4AEE158AC765}"
EndProject
Project("{FAE04EC0-301F-11D3-BF4B-00C04F79EFBC}") = "BookSeller.WebUI", "BookSeller.WebUI\BookSeller.WebUI.csproj", "{2DCE6389-B407-4D3C-BA7B-11639D8EA2D0}"
EndProject
Global
	GlobalSection(SolutionConfigurationPlatforms) = preSolution
		Debug|Any CPU = Debug|Any CPU
		Release|Any CPU = Release|Any CPU
	EndGlobalSection
	GlobalSection(ProjectConfigurationPlatforms) = postSolution
		{A25A8BCD-EC3F-4E92-B484-986451FFEDAA}.Debug|Any CPU.ActiveCfg = Debug|Any CPU
		{A25A8BCD-EC3F-4E92-B484-986451FFEDAA}.Debug|Any CPU.Build.0 = Debug|Any CPU
		{A25A8BCD-EC3F-4E92-B484-986451FFEDAA}.Release|Any CPU.ActiveCfg = Release|Any CPU
		{A25A8BCD-EC3F-4E92-B484-986451FFEDAA}.Release|Any CPU.Build.0 = Release|Any CPU
		{F458C487-5464-4C6F-BA27-EE53AB2D0B99}.Debug|Any CPU.ActiveCfg = Debug|Any CPU
		{F458C487-5464-4C6F-BA27-EE53AB2D0B99}.Debug|Any CPU.Build.0 = Debug|Any CPU
		{F458C487-5464-4C6F-BA27-EE53AB2D0B99}.Release|Any CPU.ActiveCfg = Release|Any CPU
		{F458C487-5464-4C6F-BA27-EE53AB2D0B99}.Release|Any CPU.Build.0 = Release|Any CPU
		{39C179B2-359E-4ED1-83D4-6B7ACAC6338D}.Debug|Any CPU.ActiveCfg = Debug|Any CPU
		{39C179B2-359E-4ED1-83D4-6B7ACAC6338D}.Debug|Any CPU.Build.0 = Debug|Any CPU
		{39C179B2-359E-4ED1-83D4-6B7ACAC6338D}.Release|Any CPU.ActiveCfg = Release|Any CPU
		{39C179B2-359E-4ED1-83D4-6B7ACAC6338D}.Release|Any CPU.Build.0 = Release|Any CPU
		{3571D8A5-F0CE-4818-B028-A3C2A76EAB04}.Debug|Any CPU.ActiveCfg = Debug|Any CPU
		{3571D8A5-F0CE-4818-B028-A3C2A76EAB04}.Debug|Any CPU.Build.0 = Debug|Any CPU
		{3571D8A5-F0CE-4818-B028-A3C2A76EAB04}.Release|Any CPU.ActiveCfg = Release|Any CPU
		{3571D8A5-F0CE-4818-B028-A3C2A76EAB04}.Release|Any CPU.Build.0 = Release|Any CPU
		{C2EEEF64-3AFC-4223-B7F4-E3CB3DC1E589}.Debug|Any CPU.ActiveCfg = Debug|Any CPU
		{C2EEEF64-3AFC-4223-B7F4-E3CB3DC1E589}.Debug|Any CPU.Build.0 = Debug|Any CPU
		{C2EEEF64-3AFC-4223-B7F4-E3CB3DC1E589}.Release|Any CPU.ActiveCfg = Release|Any CPU
		{C2EEEF64-3AFC-4223-B7F4-E3CB3DC1E589}.Release|Any CPU.Build.0 = Release|Any CPU
		{6B555918-4F76-4FDE-BB79-4AEE158AC765}.Debug|Any CPU.ActiveCfg = Debug|Any CPU
		{6B555918-4F76-4FDE-BB79-4AEE158AC765}.Debug|Any CPU.Build.0 = Debug|Any CPU
		{6B555918-4F76-4FDE-BB79-4AEE158AC765}.Release|Any CPU.ActiveCfg = Release|Any CPU
		{6B555918-4F76-4FDE-BB79-4AEE158AC765}.Release|Any CPU.Build.0 = Release|Any CPU
		{2DCE6389-B407-4D3C-BA7B-11639D8EA2D0}.Debug|Any CPU.ActiveCfg = Debug|Any CPU
		{2DCE6389-B407-4D3C-BA7B-11639D8EA2D0}.Debug|Any CPU.Build.0 = Debug|Any CPU
		{2DCE6389-B407-4D3C-BA7B-11639D8EA2D0}.Release|Any CPU.ActiveCfg = Release|Any CPU
		{2DCE6389-B407-4D3C-BA7B-11639D8EA2D0}.Release|Any CPU.Build.0 = Release|Any CPU
	EndGlobalSection
	GlobalSection(SolutionProperties) = preSolution
		HideSolutionNode = FALSE
	EndGlobalSection
	GlobalSection(ExtensibilityGlobals) = postSolution
		SolutionGuid = {200FBC23-143B-4CD0-80A0-EBA25277E3CD}
	EndGlobalSection
EndGlobal
